
Microsoft Visual Studio Solution File, Format Version 12.00
# Visual Studio 15
VisualStudioVersion = 15.0.28307.1831
MinimumVisualStudioVersion = 10.0.40219.1
Project("{8BC9CEB8-8B4A-11D0-8D11-00A0C91BC942}") = "NULLTerminatedlines", "NULLTerminatedlines\NULLTerminatedlines.vcxproj", "{EB7D715D-B72C-4A69-84FF-F86B9170DE3B}"
EndProject
Global
	GlobalSection(SolutionConfigurationPlatforms) = preSolution
		Debug|x64 = Debug|x64
		Debug|x86 = Debug|x86
		Release|x64 = Release|x64
		Release|x86 = Release|x86
	EndGlobalSection
	GlobalSection(ProjectConfigurationPlatforms) = postSolution
		{EB7D715D-B72C-4A69-84FF-F86B9170DE3B}.Debug|x64.ActiveCfg = Debug|x64
		{EB7D715D-B72C-4A69-84FF-F86B9170DE3B}.Debug|x64.Build.0 = Debug|x64
		{EB7D715D-B72C-4A69-84FF-F86B9170DE3B}.Debug|x86.ActiveCfg = Debug|Win32
		{EB7D715D-B72C-4A69-84FF-F86B9170DE3B}.Debug|x86.Build.0 = Debug|Win32
		{EB7D715D-B72C-4A69-84FF-F86B9170DE3B}.Release|x64.ActiveCfg = Release|x64
		{EB7D715D-B72C-4A69-84FF-F86B9170DE3B}.Release|x64.Build.0 = Release|x64
		{EB7D715D-B72C-4A69-84FF-F86B9170DE3B}.Release|x86.ActiveCfg = Release|Win32
		{EB7D715D-B72C-4A69-84FF-F86B9170DE3B}.Release|x86.Build.0 = Release|Win32
	EndGlobalSection
	GlobalSection(SolutionProperties) = preSolution
		HideSolutionNode = FALSE
	EndGlobalSection
	GlobalSection(ExtensibilityGlobals) = postSolution
		SolutionGuid = {6A538F0F-1E0F-409C-8BCC-EEC49DF75B92}
	EndGlobalSection
EndGlobal
